# This file is autogenerated, do not edit; changes may be undone by the next 'dep ensure'.


[[projects]]
  digest = "1:7c69f3c227b0d085296096a2c7e3185be663c901e8ddad4c95c223aa5cb88bd8"
  name = "github.com/otiai10/copy"
  packages = ["."]
  pruneopts = "UT"
  revision = "a15b9cb96cf2f7930107fe0a9a6faf1b91e69df4"
  version = "v1.0.1"

[solve-meta]
  analyzer-name = "dep"
  analyzer-version = 1
  input-imports = ["github.com/otiai10/copy"]
  solver-name = "gps-cdcl"
  solver-version = 1
